
Microsoft Visual Studio Solution File, Format Version 12.00
# Visual Studio 14
VisualStudioVersion = 14.0.25420.1
MinimumVisualStudioVersion = 10.0.40219.1
Project("{FAE04EC0-301F-11D3-BF4B-00C04F79EFBC}") = "HostApp", "HostApp\HostApp.csproj", "{95FCC7D1-6DDC-4AE6-95C7-2E408202CF42}"
EndProject
Project("{FAE04EC0-301F-11D3-BF4B-00C04F79EFBC}") = "ProxyHandler", "ProxyHandler\ProxyHandler.csproj", "{62B32E4C-4968-4606-AE29-EE36C177E1DE}"
EndProject
Global
	GlobalSection(SolutionConfigurationPlatforms) = preSolution
		Debug|Any CPU = Debug|Any CPU
		Release|Any CPU = Release|Any CPU
	EndGlobalSection
	GlobalSection(ProjectConfigurationPlatforms) = postSolution
		{95FCC7D1-6DDC-4AE6-95C7-2E408202CF42}.Debug|Any CPU.ActiveCfg = Debug|Any CPU
		{95FCC7D1-6DDC-4AE6-95C7-2E408202CF42}.Debug|Any CPU.Build.0 = Debug|Any CPU
		{95FCC7D1-6DDC-4AE6-95C7-2E408202CF42}.Release|Any CPU.ActiveCfg = Release|Any CPU
		{95FCC7D1-6DDC-4AE6-95C7-2E408202CF42}.Release|Any CPU.Build.0 = Release|Any CPU
		{62B32E4C-4968-4606-AE29-EE36C177E1DE}.Debug|Any CPU.ActiveCfg = Debug|Any CPU
		{62B32E4C-4968-4606-AE29-EE36C177E1DE}.Debug|Any CPU.Build.0 = Debug|Any CPU
		{62B32E4C-4968-4606-AE29-EE36C177E1DE}.Release|Any CPU.ActiveCfg = Release|Any CPU
		{62B32E4C-4968-4606-AE29-EE36C177E1DE}.Release|Any CPU.Build.0 = Release|Any CPU
	EndGlobalSection
	GlobalSection(SolutionProperties) = preSolution
		HideSolutionNode = FALSE
	EndGlobalSection
EndGlobal
